
Microsoft Visual Studio Solution File, Format Version 12.00
# Visual Studio Version 16
VisualStudioVersion = 16.0.33214.272
MinimumVisualStudioVersion = 10.0.40219.1
Project("{FAE04EC0-301F-11D3-BF4B-00C04F79EFBC}") = "dougFirstWebApp", "dougFirstWebApp\dougFirstWebApp.csproj", "{D733B853-558B-440E-B941-B08D907AE2CC}"
EndProject
Global
	GlobalSection(SolutionConfigurationPlatforms) = preSolution
		Debug|Any CPU = Debug|Any CPU
		Release|Any CPU = Release|Any CPU
	EndGlobalSection
	GlobalSection(ProjectConfigurationPlatforms) = postSolution
		{D733B853-558B-440E-B941-B08D907AE2CC}.Debug|Any CPU.ActiveCfg = Debug|Any CPU
		{D733B853-558B-440E-B941-B08D907AE2CC}.Debug|Any CPU.Build.0 = Debug|Any CPU
		{D733B853-558B-440E-B941-B08D907AE2CC}.Release|Any CPU.ActiveCfg = Release|Any CPU
		{D733B853-558B-440E-B941-B08D907AE2CC}.Release|Any CPU.Build.0 = Release|Any CPU
	EndGlobalSection
	GlobalSection(SolutionProperties) = preSolution
		HideSolutionNode = FALSE
	EndGlobalSection
	GlobalSection(ExtensibilityGlobals) = postSolution
		SolutionGuid = {E933CD2F-7A6F-4680-900B-27EE20325853}
	EndGlobalSection
EndGlobal
